
Microsoft Visual Studio Solution File, Format Version 12.00
# Visual Studio 15
VisualStudioVersion = 15.0.28307.757
MinimumVisualStudioVersion = 10.0.40219.1
Project("{FAE04EC0-301F-11D3-BF4B-00C04F79EFBC}") = "EkranYakala", "EkranYakala\EkranYakala.csproj", "{872FD23B-212C-41FC-BB91-5BB3B7A2EE6D}"
EndProject
Global
	GlobalSection(SolutionConfigurationPlatforms) = preSolution
		Debug|Any CPU = Debug|Any CPU
		Release|Any CPU = Release|Any CPU
	EndGlobalSection
	GlobalSection(ProjectConfigurationPlatforms) = postSolution
		{872FD23B-212C-41FC-BB91-5BB3B7A2EE6D}.Debug|Any CPU.ActiveCfg = Debug|Any CPU
		{872FD23B-212C-41FC-BB91-5BB3B7A2EE6D}.Debug|Any CPU.Build.0 = Debug|Any CPU
		{872FD23B-212C-41FC-BB91-5BB3B7A2EE6D}.Release|Any CPU.ActiveCfg = Release|Any CPU
		{872FD23B-212C-41FC-BB91-5BB3B7A2EE6D}.Release|Any CPU.Build.0 = Release|Any CPU
	EndGlobalSection
	GlobalSection(SolutionProperties) = preSolution
		HideSolutionNode = FALSE
	EndGlobalSection
	GlobalSection(ExtensibilityGlobals) = postSolution
		SolutionGuid = {0C97A0C9-BC51-421D-8C30-60B3D5E1CC9B}
	EndGlobalSection
EndGlobal
